
Microsoft Visual Studio Solution File, Format Version 12.00
# Visual Studio Version 16
VisualStudioVersion = 16.0.30517.126
MinimumVisualStudioVersion = 10.0.40219.1
Project("{FAE04EC0-301F-11D3-BF4B-00C04F79EFBC}") = "BTrader.Domain", "BTrader.Domain\BTrader.Domain.csproj", "{ED39DB38-60C7-4136-A304-D503625A2EC9}"
EndProject
Project("{FAE04EC0-301F-11D3-BF4B-00C04F79EFBC}") = "BTrader.Matchbook", "BTrader.Matchbook\BTrader.Matchbook.csproj", "{F846EA64-B56A-4AFF-B696-340190CD8EA4}"
EndProject
Project("{FAE04EC0-301F-11D3-BF4B-00C04F79EFBC}") = "BTrader.Betfair", "BTrader.Betfair\BTrader.Betfair.csproj", "{9FC30FE8-1DAA-40AA-873A-CAB9F45C1080}"
EndProject
Project("{FAE04EC0-301F-11D3-BF4B-00C04F79EFBC}") = "BTrader.Betdaq", "BTrader.Betdaq\BTrader.Betdaq.csproj", "{F45D0AD0-E234-4C45-AE37-E0277436C03B}"
EndProject
Project("{FAE04EC0-301F-11D3-BF4B-00C04F79EFBC}") = "BTrader.UI", "BTrader.UI\BTrader.UI.csproj", "{515F4048-F49E-4F6D-B0CE-7B10F5B6555F}"
EndProject
Project("{FAE04EC0-301F-11D3-BF4B-00C04F79EFBC}") = "BTrader.Matchbook.Tests", "BTrader.Matchbook.Tests\BTrader.Matchbook.Tests.csproj", "{927B260F-9CED-49F5-8C8E-496E7967D003}"
EndProject
Project("{FAE04EC0-301F-11D3-BF4B-00C04F79EFBC}") = "BTrader.Smarkets", "BTrader.Smarkets\BTrader.Smarkets.csproj", "{DFDD6426-8887-4604-8E23-3638252E256A}"
EndProject
Project("{FAE04EC0-301F-11D3-BF4B-00C04F79EFBC}") = "BTrader.Betfair.Tests", "BTrader.Betfair.Tests\BTrader.Betfair.Tests.csproj", "{F7A48102-3502-489B-935C-7FFCB380CCD2}"
EndProject
Project("{FAE04EC0-301F-11D3-BF4B-00C04F79EFBC}") = "Betfair.ESASwagger", "Betfair.ESASwagger\Betfair.ESASwagger.csproj", "{05419E45-CAD4-4FB6-BC46-B93119D9F22D}"
EndProject
Project("{FAE04EC0-301F-11D3-BF4B-00C04F79EFBC}") = "Api-ng-sample-code", "Api-ng-sample-code\Api-ng-sample-code.csproj", "{6B5844C4-BBF3-43D9-9B58-6AEA1FC6E548}"
EndProject
Project("{FAE04EC0-301F-11D3-BF4B-00C04F79EFBC}") = "BTrader.Domain.Tests", "BTrader.Domain.Tests\BTrader.Domain.Tests.csproj", "{86734974-AD69-4C7E-AC80-C35281D8FF41}"
EndProject
Project("{FAE04EC0-301F-11D3-BF4B-00C04F79EFBC}") = "BTrader.Data.Capture", "BTrader.Data.Capture\BTrader.Data.Capture.csproj", "{6C5650B2-A130-43CD-8F99-539718F88A1C}"
EndProject
Project("{FAE04EC0-301F-11D3-BF4B-00C04F79EFBC}") = "BTrader.Algo", "BTrader.Algo\BTrader.Algo.csproj", "{EEA68AC6-24CC-4AB8-A81D-784DA8EC34EA}"
EndProject
Project("{FAE04EC0-301F-11D3-BF4B-00C04F79EFBC}") = "BTrader.Algo.Tests", "BTrader.Algo.Tests\BTrader.Algo.Tests.csproj", "{E9DBA2EF-4B02-45B6-82B3-526772139531}"
EndProject
Project("{FAE04EC0-301F-11D3-BF4B-00C04F79EFBC}") = "BTrader.OpenAI", "BTrader.OpenAI\BTrader.OpenAI.csproj", "{5A9ADF7C-6670-4A28-9E85-71525C82D2E6}"
EndProject
Project("{FAE04EC0-301F-11D3-BF4B-00C04F79EFBC}") = "BTrader.OpenAI.Tests", "BTrader.OpenAI.Tests\BTrader.OpenAI.Tests.csproj", "{FB8E6404-F5C4-4D1F-8476-A3F1E3CB466A}"
EndProject
Project("{FAE04EC0-301F-11D3-BF4B-00C04F79EFBC}") = "BTrader.Python", "BTrader.Python\BTrader.Python.csproj", "{DA3A91F3-6918-49B2-BC98-2B5FB49B5C57}"
EndProject
Project("{FAE04EC0-301F-11D3-BF4B-00C04F79EFBC}") = "BTrader.Python.Tests", "BTrader.Python.Tests\BTrader.Python.Tests.csproj", "{01BABB07-BBC9-4530-A0D2-AC6A3AA2013E}"
EndProject
Global
	GlobalSection(SolutionConfigurationPlatforms) = preSolution
		Debug|Any CPU = Debug|Any CPU
		Debug|x64 = Debug|x64
		Debug|x86 = Debug|x86
		Release|Any CPU = Release|Any CPU
		Release|x64 = Release|x64
		Release|x86 = Release|x86
	EndGlobalSection
	GlobalSection(ProjectConfigurationPlatforms) = postSolution
		{ED39DB38-60C7-4136-A304-D503625A2EC9}.Debug|Any CPU.ActiveCfg = Debug|Any CPU
		{ED39DB38-60C7-4136-A304-D503625A2EC9}.Debug|Any CPU.Build.0 = Debug|Any CPU
		{ED39DB38-60C7-4136-A304-D503625A2EC9}.Debug|x64.ActiveCfg = Debug|x64
		{ED39DB38-60C7-4136-A304-D503625A2EC9}.Debug|x64.Build.0 = Debug|x64
		{ED39DB38-60C7-4136-A304-D503625A2EC9}.Debug|x86.ActiveCfg = Debug|Any CPU
		{ED39DB38-60C7-4136-A304-D503625A2EC9}.Debug|x86.Build.0 = Debug|Any CPU
		{ED39DB38-60C7-4136-A304-D503625A2EC9}.Release|Any CPU.ActiveCfg = Release|Any CPU
		{ED39DB38-60C7-4136-A304-D503625A2EC9}.Release|Any CPU.Build.0 = Release|Any CPU
		{ED39DB38-60C7-4136-A304-D503625A2EC9}.Release|x64.ActiveCfg = Release|x64
		{ED39DB38-60C7-4136-A304-D503625A2EC9}.Release|x64.Build.0 = Release|x64
		{ED39DB38-60C7-4136-A304-D503625A2EC9}.Release|x86.ActiveCfg = Release|Any CPU
		{ED39DB38-60C7-4136-A304-D503625A2EC9}.Release|x86.Build.0 = Release|Any CPU
		{F846EA64-B56A-4AFF-B696-340190CD8EA4}.Debug|Any CPU.ActiveCfg = Debug|Any CPU
		{F846EA64-B56A-4AFF-B696-340190CD8EA4}.Debug|Any CPU.Build.0 = Debug|Any CPU
		{F846EA64-B56A-4AFF-B696-340190CD8EA4}.Debug|x64.ActiveCfg = Debug|x64
		{F846EA64-B56A-4AFF-B696-340190CD8EA4}.Debug|x64.Build.0 = Debug|x64
		{F846EA64-B56A-4AFF-B696-340190CD8EA4}.Debug|x86.ActiveCfg = Debug|Any CPU
		{F846EA64-B56A-4AFF-B696-340190CD8EA4}.Debug|x86.Build.0 = Debug|Any CPU
		{F846EA64-B56A-4AFF-B696-340190CD8EA4}.Release|Any CPU.ActiveCfg = Release|Any CPU
		{F846EA64-B56A-4AFF-B696-340190CD8EA4}.Release|Any CPU.Build.0 = Release|Any CPU
		{F846EA64-B56A-4AFF-B696-340190CD8EA4}.Release|x64.ActiveCfg = Release|x64
		{F846EA64-B56A-4AFF-B696-340190CD8EA4}.Release|x64.Build.0 = Release|x64
		{F846EA64-B56A-4AFF-B696-340190CD8EA4}.Release|x86.ActiveCfg = Release|Any CPU
		{F846EA64-B56A-4AFF-B696-340190CD8EA4}.Release|x86.Build.0 = Release|Any CPU
		{9FC30FE8-1DAA-40AA-873A-CAB9F45C1080}.Debug|Any CPU.ActiveCfg = Debug|Any CPU
		{9FC30FE8-1DAA-40AA-873A-CAB9F45C1080}.Debug|Any CPU.Build.0 = Debug|Any CPU
		{9FC30FE8-1DAA-40AA-873A-CAB9F45C1080}.Debug|x64.ActiveCfg = Debug|x64
		{9FC30FE8-1DAA-40AA-873A-CAB9F45C1080}.Debug|x64.Build.0 = Debug|x64
		{9FC30FE8-1DAA-40AA-873A-CAB9F45C1080}.Debug|x86.ActiveCfg = Debug|Any CPU
		{9FC30FE8-1DAA-40AA-873A-CAB9F45C1080}.Debug|x86.Build.0 = Debug|Any CPU
		{9FC30FE8-1DAA-40AA-873A-CAB9F45C1080}.Release|Any CPU.ActiveCfg = Release|Any CPU
		{9FC30FE8-1DAA-40AA-873A-CAB9F45C1080}.Release|Any CPU.Build.0 = Release|Any CPU
		{9FC30FE8-1DAA-40AA-873A-CAB9F45C1080}.Release|x64.ActiveCfg = Release|x64
		{9FC30FE8-1DAA-40AA-873A-CAB9F45C1080}.Release|x64.Build.0 = Release|x64
		{9FC30FE8-1DAA-40AA-873A-CAB9F45C1080}.Release|x86.ActiveCfg = Release|Any CPU
		{9FC30FE8-1DAA-40AA-873A-CAB9F45C1080}.Release|x86.Build.0 = Release|Any CPU
		{F45D0AD0-E234-4C45-AE37-E0277436C03B}.Debug|Any CPU.ActiveCfg = Debug|Any CPU
		{F45D0AD0-E234-4C45-AE37-E0277436C03B}.Debug|Any CPU.Build.0 = Debug|Any CPU
		{F45D0AD0-E234-4C45-AE37-E0277436C03B}.Debug|x64.ActiveCfg = Debug|x64
		{F45D0AD0-E234-4C45-AE37-E0277436C03B}.Debug|x64.Build.0 = Debug|x64
		{F45D0AD0-E234-4C45-AE37-E0277436C03B}.Debug|x86.ActiveCfg = Debug|Any CPU
		{F45D0AD0-E234-4C45-AE37-E0277436C03B}.Debug|x86.Build.0 = Debug|Any CPU
		{F45D0AD0-E234-4C45-AE37-E0277436C03B}.Release|Any CPU.ActiveCfg = Release|Any CPU
		{F45D0AD0-E234-4C45-AE37-E0277436C03B}.Release|Any CPU.Build.0 = Release|Any CPU
		{F45D0AD0-E234-4C45-AE37-E0277436C03B}.Release|x64.ActiveCfg = Release|x64
		{F45D0AD0-E234-4C45-AE37-E0277436C03B}.Release|x64.Build.0 = Release|x64
		{F45D0AD0-E234-4C45-AE37-E0277436C03B}.Release|x86.ActiveCfg = Release|Any CPU
		{F45D0AD0-E234-4C45-AE37-E0277436C03B}.Release|x86.Build.0 = Release|Any CPU
		{515F4048-F49E-4F6D-B0CE-7B10F5B6555F}.Debug|Any CPU.ActiveCfg = Debug|Any CPU
		{515F4048-F49E-4F6D-B0CE-7B10F5B6555F}.Debug|Any CPU.Build.0 = Debug|Any CPU
		{515F4048-F49E-4F6D-B0CE-7B10F5B6555F}.Debug|x64.ActiveCfg = Debug|x64
		{515F4048-F49E-4F6D-B0CE-7B10F5B6555F}.Debug|x64.Build.0 = Debug|x64
		{515F4048-F49E-4F6D-B0CE-7B10F5B6555F}.Debug|x86.ActiveCfg = Debug|Any CPU
		{515F4048-F49E-4F6D-B0CE-7B10F5B6555F}.Debug|x86.Build.0 = Debug|Any CPU
		{515F4048-F49E-4F6D-B0CE-7B10F5B6555F}.Release|Any CPU.ActiveCfg = Release|Any CPU
		{515F4048-F49E-4F6D-B0CE-7B10F5B6555F}.Release|Any CPU.Build.0 = Release|Any CPU
		{515F4048-F49E-4F6D-B0CE-7B10F5B6555F}.Release|x64.ActiveCfg = Release|x64
		{515F4048-F49E-4F6D-B0CE-7B10F5B6555F}.Release|x64.Build.0 = Release|x64
		{515F4048-F49E-4F6D-B0CE-7B10F5B6555F}.Release|x86.ActiveCfg = Release|Any CPU
		{515F4048-F49E-4F6D-B0CE-7B10F5B6555F}.Release|x86.Build.0 = Release|Any CPU
		{927B260F-9CED-49F5-8C8E-496E7967D003}.Debug|Any CPU.ActiveCfg = Debug|Any CPU
		{927B260F-9CED-49F5-8C8E-496E7967D003}.Debug|Any CPU.Build.0 = Debug|Any CPU
		{927B260F-9CED-49F5-8C8E-496E7967D003}.Debug|x64.ActiveCfg = Debug|x64
		{927B260F-9CED-49F5-8C8E-496E7967D003}.Debug|x64.Build.0 = Debug|x64
		{927B260F-9CED-49F5-8C8E-496E7967D003}.Debug|x86.ActiveCfg = Debug|Any CPU
		{927B260F-9CED-49F5-8C8E-496E7967D003}.Debug|x86.Build.0 = Debug|Any CPU
		{927B260F-9CED-49F5-8C8E-496E7967D003}.Release|Any CPU.ActiveCfg = Release|Any CPU
		{927B260F-9CED-49F5-8C8E-496E7967D003}.Release|Any CPU.Build.0 = Release|Any CPU
		{927B260F-9CED-49F5-8C8E-496E7967D003}.Release|x64.ActiveCfg = Release|x64
		{927B260F-9CED-49F5-8C8E-496E7967D003}.Release|x64.Build.0 = Release|x64
		{927B260F-9CED-49F5-8C8E-496E7967D003}.Release|x86.ActiveCfg = Release|Any CPU
		{927B260F-9CED-49F5-8C8E-496E7967D003}.Release|x86.Build.0 = Release|Any CPU
		{DFDD6426-8887-4604-8E23-3638252E256A}.Debug|Any CPU.ActiveCfg = Debug|Any CPU
		{DFDD6426-8887-4604-8E23-3638252E256A}.Debug|Any CPU.Build.0 = Debug|Any CPU
		{DFDD6426-8887-4604-8E23-3638252E256A}.Debug|x64.ActiveCfg = Debug|x64
		{DFDD6426-8887-4604-8E23-3638252E256A}.Debug|x64.Build.0 = Debug|x64
		{DFDD6426-8887-4604-8E23-3638252E256A}.Debug|x86.ActiveCfg = Debug|Any CPU
		{DFDD6426-8887-4604-8E23-3638252E256A}.Debug|x86.Build.0 = Debug|Any CPU
		{DFDD6426-8887-4604-8E23-3638252E256A}.Release|Any CPU.ActiveCfg = Release|Any CPU
		{DFDD6426-8887-4604-8E23-3638252E256A}.Release|Any CPU.Build.0 = Release|Any CPU
		{DFDD6426-8887-4604-8E23-3638252E256A}.Release|x64.ActiveCfg = Release|x64
		{DFDD6426-8887-4604-8E23-3638252E256A}.Release|x64.Build.0 = Release|x64
		{DFDD6426-8887-4604-8E23-3638252E256A}.Release|x86.ActiveCfg = Release|Any CPU
		{DFDD6426-8887-4604-8E23-3638252E256A}.Release|x86.Build.0 = Release|Any CPU
		{F7A48102-3502-489B-935C-7FFCB380CCD2}.Debug|Any CPU.ActiveCfg = Debug|Any CPU
		{F7A48102-3502-489B-935C-7FFCB380CCD2}.Debug|Any CPU.Build.0 = Debug|Any CPU
		{F7A48102-3502-489B-935C-7FFCB380CCD2}.Debug|x64.ActiveCfg = Debug|x64
		{F7A48102-3502-489B-935C-7FFCB380CCD2}.Debug|x64.Build.0 = Debug|x64
		{F7A48102-3502-489B-935C-7FFCB380CCD2}.Debug|x86.ActiveCfg = Debug|Any CPU
		{F7A48102-3502-489B-935C-7FFCB380CCD2}.Debug|x86.Build.0 = Debug|Any CPU
		{F7A48102-3502-489B-935C-7FFCB380CCD2}.Release|Any CPU.ActiveCfg = Release|Any CPU
		{F7A48102-3502-489B-935C-7FFCB380CCD2}.Release|Any CPU.Build.0 = Release|Any CPU
		{F7A48102-3502-489B-935C-7FFCB380CCD2}.Release|x64.ActiveCfg = Release|x64
		{F7A48102-3502-489B-935C-7FFCB380CCD2}.Release|x64.Build.0 = Release|x64
		{F7A48102-3502-489B-935C-7FFCB380CCD2}.Release|x86.ActiveCfg = Release|Any CPU
		{F7A48102-3502-489B-935C-7FFCB380CCD2}.Release|x86.Build.0 = Release|Any CPU
		{05419E45-CAD4-4FB6-BC46-B93119D9F22D}.Debug|Any CPU.ActiveCfg = Debug|Any CPU
		{05419E45-CAD4-4FB6-BC46-B93119D9F22D}.Debug|Any CPU.Build.0 = Debug|Any CPU
		{05419E45-CAD4-4FB6-BC46-B93119D9F22D}.Debug|x64.ActiveCfg = Debug|x64
		{05419E45-CAD4-4FB6-BC46-B93119D9F22D}.Debug|x64.Build.0 = Debug|x64
		{05419E45-CAD4-4FB6-BC46-B93119D9F22D}.Debug|x86.ActiveCfg = Debug|Any CPU
		{05419E45-CAD4-4FB6-BC46-B93119D9F22D}.Debug|x86.Build.0 = Debug|Any CPU
		{05419E45-CAD4-4FB6-BC46-B93119D9F22D}.Release|Any CPU.ActiveCfg = Release|Any CPU
		{05419E45-CAD4-4FB6-BC46-B93119D9F22D}.Release|Any CPU.Build.0 = Release|Any CPU
		{05419E45-CAD4-4FB6-BC46-B93119D9F22D}.Release|x64.ActiveCfg = Release|x64
		{05419E45-CAD4-4FB6-BC46-B93119D9F22D}.Release|x64.Build.0 = Release|x64
		{05419E45-CAD4-4FB6-BC46-B93119D9F22D}.Release|x86.ActiveCfg = Release|Any CPU
		{05419E45-CAD4-4FB6-BC46-B93119D9F22D}.Release|x86.Build.0 = Release|Any CPU
		{6B5844C4-BBF3-43D9-9B58-6AEA1FC6E548}.Debug|Any CPU.ActiveCfg = Debug|Any CPU
		{6B5844C4-BBF3-43D9-9B58-6AEA1FC6E548}.Debug|Any CPU.Build.0 = Debug|Any CPU
		{6B5844C4-BBF3-43D9-9B58-6AEA1FC6E548}.Debug|x64.ActiveCfg = Debug|x64
		{6B5844C4-BBF3-43D9-9B58-6AEA1FC6E548}.Debug|x64.Build.0 = Debug|x64
		{6B5844C4-BBF3-43D9-9B58-6AEA1FC6E548}.Debug|x86.ActiveCfg = Debug|x86
		{6B5844C4-BBF3-43D9-9B58-6AEA1FC6E548}.Debug|x86.Build.0 = Debug|x86
		{6B5844C4-BBF3-43D9-9B58-6AEA1FC6E548}.Release|Any CPU.ActiveCfg = Release|Any CPU
		{6B5844C4-BBF3-43D9-9B58-6AEA1FC6E548}.Release|Any CPU.Build.0 = Release|Any CPU
		{6B5844C4-BBF3-43D9-9B58-6AEA1FC6E548}.Release|x64.ActiveCfg = Release|x64
		{6B5844C4-BBF3-43D9-9B58-6AEA1FC6E548}.Release|x64.Build.0 = Release|x64
		{6B5844C4-BBF3-43D9-9B58-6AEA1FC6E548}.Release|x86.ActiveCfg = Release|x86
		{6B5844C4-BBF3-43D9-9B58-6AEA1FC6E548}.Release|x86.Build.0 = Release|x86
		{86734974-AD69-4C7E-AC80-C35281D8FF41}.Debug|Any CPU.ActiveCfg = Debug|Any CPU
		{86734974-AD69-4C7E-AC80-C35281D8FF41}.Debug|Any CPU.Build.0 = Debug|Any CPU
		{86734974-AD69-4C7E-AC80-C35281D8FF41}.Debug|x64.ActiveCfg = Debug|x64
		{86734974-AD69-4C7E-AC80-C35281D8FF41}.Debug|x64.Build.0 = Debug|x64
		{86734974-AD69-4C7E-AC80-C35281D8FF41}.Debug|x86.ActiveCfg = Debug|Any CPU
		{86734974-AD69-4C7E-AC80-C35281D8FF41}.Debug|x86.Build.0 = Debug|Any CPU
		{86734974-AD69-4C7E-AC80-C35281D8FF41}.Release|Any CPU.ActiveCfg = Release|Any CPU
		{86734974-AD69-4C7E-AC80-C35281D8FF41}.Release|Any CPU.Build.0 = Release|Any CPU
		{86734974-AD69-4C7E-AC80-C35281D8FF41}.Release|x64.ActiveCfg = Release|x64
		{86734974-AD69-4C7E-AC80-C35281D8FF41}.Release|x64.Build.0 = Release|x64
		{86734974-AD69-4C7E-AC80-C35281D8FF41}.Release|x86.ActiveCfg = Release|Any CPU
		{86734974-AD69-4C7E-AC80-C35281D8FF41}.Release|x86.Build.0 = Release|Any CPU
		{6C5650B2-A130-43CD-8F99-539718F88A1C}.Debug|Any CPU.ActiveCfg = Debug|Any CPU
		{6C5650B2-A130-43CD-8F99-539718F88A1C}.Debug|Any CPU.Build.0 = Debug|Any CPU
		{6C5650B2-A130-43CD-8F99-539718F88A1C}.Debug|x64.ActiveCfg = Debug|x64
		{6C5650B2-A130-43CD-8F99-539718F88A1C}.Debug|x64.Build.0 = Debug|x64
		{6C5650B2-A130-43CD-8F99-539718F88A1C}.Debug|x86.ActiveCfg = Debug|Any CPU
		{6C5650B2-A130-43CD-8F99-539718F88A1C}.Debug|x86.Build.0 = Debug|Any CPU
		{6C5650B2-A130-43CD-8F99-539718F88A1C}.Release|Any CPU.ActiveCfg = Release|Any CPU
		{6C5650B2-A130-43CD-8F99-539718F88A1C}.Release|Any CPU.Build.0 = Release|Any CPU
		{6C5650B2-A130-43CD-8F99-539718F88A1C}.Release|x64.ActiveCfg = Release|x64
		{6C5650B2-A130-43CD-8F99-539718F88A1C}.Release|x64.Build.0 = Release|x64
		{6C5650B2-A130-43CD-8F99-539718F88A1C}.Release|x86.ActiveCfg = Release|Any CPU
		{6C5650B2-A130-43CD-8F99-539718F88A1C}.Release|x86.Build.0 = Release|Any CPU
		{EEA68AC6-24CC-4AB8-A81D-784DA8EC34EA}.Debug|Any CPU.ActiveCfg = Debug|Any CPU
		{EEA68AC6-24CC-4AB8-A81D-784DA8EC34EA}.Debug|Any CPU.Build.0 = Debug|Any CPU
		{EEA68AC6-24CC-4AB8-A81D-784DA8EC34EA}.Debug|x64.ActiveCfg = Debug|x64
		{EEA68AC6-24CC-4AB8-A81D-784DA8EC34EA}.Debug|x64.Build.0 = Debug|x64
		{EEA68AC6-24CC-4AB8-A81D-784DA8EC34EA}.Debug|x86.ActiveCfg = Debug|Any CPU
		{EEA68AC6-24CC-4AB8-A81D-784DA8EC34EA}.Debug|x86.Build.0 = Debug|Any CPU
		{EEA68AC6-24CC-4AB8-A81D-784DA8EC34EA}.Release|Any CPU.ActiveCfg = Release|Any CPU
		{EEA68AC6-24CC-4AB8-A81D-784DA8EC34EA}.Release|Any CPU.Build.0 = Release|Any CPU
		{EEA68AC6-24CC-4AB8-A81D-784DA8EC34EA}.Release|x64.ActiveCfg = Release|x64
		{EEA68AC6-24CC-4AB8-A81D-784DA8EC34EA}.Release|x64.Build.0 = Release|x64
		{EEA68AC6-24CC-4AB8-A81D-784DA8EC34EA}.Release|x86.ActiveCfg = Release|Any CPU
		{EEA68AC6-24CC-4AB8-A81D-784DA8EC34EA}.Release|x86.Build.0 = Release|Any CPU
		{E9DBA2EF-4B02-45B6-82B3-526772139531}.Debug|Any CPU.ActiveCfg = Debug|Any CPU
		{E9DBA2EF-4B02-45B6-82B3-526772139531}.Debug|Any CPU.Build.0 = Debug|Any CPU
		{E9DBA2EF-4B02-45B6-82B3-526772139531}.Debug|x64.ActiveCfg = Debug|x64
		{E9DBA2EF-4B02-45B6-82B3-526772139531}.Debug|x64.Build.0 = Debug|x64
		{E9DBA2EF-4B02-45B6-82B3-526772139531}.Debug|x86.ActiveCfg = Debug|Any CPU
		{E9DBA2EF-4B02-45B6-82B3-526772139531}.Debug|x86.Build.0 = Debug|Any CPU
		{E9DBA2EF-4B02-45B6-82B3-526772139531}.Release|Any CPU.ActiveCfg = Release|Any CPU
		{E9DBA2EF-4B02-45B6-82B3-526772139531}.Release|Any CPU.Build.0 = Release|Any CPU
		{E9DBA2EF-4B02-45B6-82B3-526772139531}.Release|x64.ActiveCfg = Release|x64
		{E9DBA2EF-4B02-45B6-82B3-526772139531}.Release|x64.Build.0 = Release|x64
		{E9DBA2EF-4B02-45B6-82B3-526772139531}.Release|x86.ActiveCfg = Release|Any CPU
		{E9DBA2EF-4B02-45B6-82B3-526772139531}.Release|x86.Build.0 = Release|Any CPU
		{5A9ADF7C-6670-4A28-9E85-71525C82D2E6}.Debug|Any CPU.ActiveCfg = Debug|Any CPU
		{5A9ADF7C-6670-4A28-9E85-71525C82D2E6}.Debug|Any CPU.Build.0 = Debug|Any CPU
		{5A9ADF7C-6670-4A28-9E85-71525C82D2E6}.Debug|x64.ActiveCfg = Debug|x64
		{5A9ADF7C-6670-4A28-9E85-71525C82D2E6}.Debug|x64.Build.0 = Debug|x64
		{5A9ADF7C-6670-4A28-9E85-71525C82D2E6}.Debug|x86.ActiveCfg = Debug|Any CPU
		{5A9ADF7C-6670-4A28-9E85-71525C82D2E6}.Debug|x86.Build.0 = Debug|Any CPU
		{5A9ADF7C-6670-4A28-9E85-71525C82D2E6}.Release|Any CPU.ActiveCfg = Release|Any CPU
		{5A9ADF7C-6670-4A28-9E85-71525C82D2E6}.Release|Any CPU.Build.0 = Release|Any CPU
		{5A9ADF7C-6670-4A28-9E85-71525C82D2E6}.Release|x64.ActiveCfg = Release|x64
		{5A9ADF7C-6670-4A28-9E85-71525C82D2E6}.Release|x64.Build.0 = Release|x64
		{5A9ADF7C-6670-4A28-9E85-71525C82D2E6}.Release|x86.ActiveCfg = Release|Any CPU
		{5A9ADF7C-6670-4A28-9E85-71525C82D2E6}.Release|x86.Build.0 = Release|Any CPU
		{FB8E6404-F5C4-4D1F-8476-A3F1E3CB466A}.Debug|Any CPU.ActiveCfg = Debug|Any CPU
		{FB8E6404-F5C4-4D1F-8476-A3F1E3CB466A}.Debug|Any CPU.Build.0 = Debug|Any CPU
		{FB8E6404-F5C4-4D1F-8476-A3F1E3CB466A}.Debug|x64.ActiveCfg = Debug|x64
		{FB8E6404-F5C4-4D1F-8476-A3F1E3CB466A}.Debug|x64.Build.0 = Debug|x64
		{FB8E6404-F5C4-4D1F-8476-A3F1E3CB466A}.Debug|x86.ActiveCfg = Debug|Any CPU
		{FB8E6404-F5C4-4D1F-8476-A3F1E3CB466A}.Debug|x86.Build.0 = Debug|Any CPU
		{FB8E6404-F5C4-4D1F-8476-A3F1E3CB466A}.Release|Any CPU.ActiveCfg = Release|Any CPU
		{FB8E6404-F5C4-4D1F-8476-A3F1E3CB466A}.Release|Any CPU.Build.0 = Release|Any CPU
		{FB8E6404-F5C4-4D1F-8476-A3F1E3CB466A}.Release|x64.ActiveCfg = Release|x64
		{FB8E6404-F5C4-4D1F-8476-A3F1E3CB466A}.Release|x64.Build.0 = Release|x64
		{FB8E6404-F5C4-4D1F-8476-A3F1E3CB466A}.Release|x86.ActiveCfg = Release|Any CPU
		{FB8E6404-F5C4-4D1F-8476-A3F1E3CB466A}.Release|x86.Build.0 = Release|Any CPU
		{DA3A91F3-6918-49B2-BC98-2B5FB49B5C57}.Debug|Any CPU.ActiveCfg = Debug|Any CPU
		{DA3A91F3-6918-49B2-BC98-2B5FB49B5C57}.Debug|Any CPU.Build.0 = Debug|Any CPU
		{DA3A91F3-6918-49B2-BC98-2B5FB49B5C57}.Debug|x64.ActiveCfg = Debug|x64
		{DA3A91F3-6918-49B2-BC98-2B5FB49B5C57}.Debug|x64.Build.0 = Debug|x64
		{DA3A91F3-6918-49B2-BC98-2B5FB49B5C57}.Debug|x86.ActiveCfg = Debug|Any CPU
		{DA3A91F3-6918-49B2-BC98-2B5FB49B5C57}.Debug|x86.Build.0 = Debug|Any CPU
		{DA3A91F3-6918-49B2-BC98-2B5FB49B5C57}.Release|Any CPU.ActiveCfg = Release|Any CPU
		{DA3A91F3-6918-49B2-BC98-2B5FB49B5C57}.Release|Any CPU.Build.0 = Release|Any CPU
		{DA3A91F3-6918-49B2-BC98-2B5FB49B5C57}.Release|x64.ActiveCfg = Release|x64
		{DA3A91F3-6918-49B2-BC98-2B5FB49B5C57}.Release|x64.Build.0 = Release|x64
		{DA3A91F3-6918-49B2-BC98-2B5FB49B5C57}.Release|x86.ActiveCfg = Release|Any CPU
		{DA3A91F3-6918-49B2-BC98-2B5FB49B5C57}.Release|x86.Build.0 = Release|Any CPU
		{01BABB07-BBC9-4530-A0D2-AC6A3AA2013E}.Debug|Any CPU.ActiveCfg = Debug|Any CPU
		{01BABB07-BBC9-4530-A0D2-AC6A3AA2013E}.Debug|Any CPU.Build.0 = Debug|Any CPU
		{01BABB07-BBC9-4530-A0D2-AC6A3AA2013E}.Debug|x64.ActiveCfg = Debug|x64
		{01BABB07-BBC9-4530-A0D2-AC6A3AA2013E}.Debug|x64.Build.0 = Debug|x64
		{01BABB07-BBC9-4530-A0D2-AC6A3AA2013E}.Debug|x86.ActiveCfg = Debug|Any CPU
		{01BABB07-BBC9-4530-A0D2-AC6A3AA2013E}.Debug|x86.Build.0 = Debug|Any CPU
		{01BABB07-BBC9-4530-A0D2-AC6A3AA2013E}.Release|Any CPU.ActiveCfg = Release|Any CPU
		{01BABB07-BBC9-4530-A0D2-AC6A3AA2013E}.Release|Any CPU.Build.0 = Release|Any CPU
		{01BABB07-BBC9-4530-A0D2-AC6A3AA2013E}.Release|x64.ActiveCfg = Release|x64
		{01BABB07-BBC9-4530-A0D2-AC6A3AA2013E}.Release|x64.Build.0 = Release|x64
		{01BABB07-BBC9-4530-A0D2-AC6A3AA2013E}.Release|x86.ActiveCfg = Release|Any CPU
		{01BABB07-BBC9-4530-A0D2-AC6A3AA2013E}.Release|x86.Build.0 = Release|Any CPU
	EndGlobalSection
	GlobalSection(SolutionProperties) = preSolution
		HideSolutionNode = FALSE
	EndGlobalSection
	GlobalSection(ExtensibilityGlobals) = postSolution
		SolutionGuid = {FA1A40C5-9039-475B-A709-87979072695D}
	EndGlobalSection
EndGlobal
